
Microsoft Visual Studio Solution File, Format Version 12.00
# Visual Studio Version 17
VisualStudioVersion = 17.3.32929.385
MinimumVisualStudioVersion = 10.0.40219.1
Project("{9A19103F-16F7-4668-BE54-9A1E7A4F7556}") = "SMSTerminal", "SMSTerminal\SMSTerminal.csproj", "{0276D371-AD16-400E-837B-82A6C9C10F96}"
EndProject
Project("{9A19103F-16F7-4668-BE54-9A1E7A4F7556}") = "SMSWindow", "SMSWindow\SMSWindow.csproj", "{FB197574-063B-4264-B251-2F1C4CACEA53}"
EndProject
Global
	GlobalSection(SolutionConfigurationPlatforms) = preSolution
		Debug|Any CPU = Debug|Any CPU
		Release|Any CPU = Release|Any CPU
	EndGlobalSection
	GlobalSection(ProjectConfigurationPlatforms) = postSolution
		{0276D371-AD16-400E-837B-82A6C9C10F96}.Debug|Any CPU.ActiveCfg = Debug|Any CPU
		{0276D371-AD16-400E-837B-82A6C9C10F96}.Debug|Any CPU.Build.0 = Debug|Any CPU
		{0276D371-AD16-400E-837B-82A6C9C10F96}.Release|Any CPU.ActiveCfg = Release|Any CPU
		{0276D371-AD16-400E-837B-82A6C9C10F96}.Release|Any CPU.Build.0 = Release|Any CPU
		{FB197574-063B-4264-B251-2F1C4CACEA53}.Debug|Any CPU.ActiveCfg = Debug|Any CPU
		{FB197574-063B-4264-B251-2F1C4CACEA53}.Debug|Any CPU.Build.0 = Debug|Any CPU
		{FB197574-063B-4264-B251-2F1C4CACEA53}.Release|Any CPU.ActiveCfg = Release|Any CPU
		{FB197574-063B-4264-B251-2F1C4CACEA53}.Release|Any CPU.Build.0 = Release|Any CPU
	EndGlobalSection
	GlobalSection(SolutionProperties) = preSolution
		HideSolutionNode = FALSE
	EndGlobalSection
	GlobalSection(ExtensibilityGlobals) = postSolution
		SolutionGuid = {2D267BA7-07D3-4A30-8255-28D25C1A0846}
	EndGlobalSection
EndGlobal
